// !$*UTF8*$!
{
	archiveVersion = 1;
	classes = {
	};
	objectVersion = 50;
	objects = {

/* Begin PBXBuildFile section */
		CDB26D2024218E8F003D215A /* AppDelegate.swift in Sources */ = {isa = PBXBuildFile; fileRef = CDB26D1F24218E8F003D215A /* AppDelegate.swift */; };
		CDB26D2224218E8F003D215A /* SceneDelegate.swift in Sources */ = {isa = PBXBuildFile; fileRef = CDB26D2124218E8F003D215A /* SceneDelegate.swift */; };
		CDB26D2424218E8F003D215A /* ContentView.swift in Sources */ = {isa = PBXBuildFile; fileRef = CDB26D2324218E8F003D215A /* ContentView.swift */; };
		CDB26D2624218E8F003D215A /* Assets.xcassets in Resources */ = {isa = PBXBuildFile; fileRef = CDB26D2524218E8F003D215A /* Assets.xcassets */; };
		CDB26D2924218E8F003D215A /* Preview Assets.xcassets in Resources */ = {isa = PBXBuildFile; fileRef = CDB26D2824218E8F003D215A /* Preview Assets.xcassets */; };
		CDB26D2C24218E8F003D215A /* LaunchScreen.storyboard in Resources */ = {isa = PBXBuildFile; fileRef = CDB26D2A24218E8F003D215A /* LaunchScreen.storyboard */; };
/* End PBXBuildFile section */

/* Begin PBXFileReference section */
		CDB26D1C24218E8F003D215A /* SwiftUIStylesheetsDemo.app */ = {isa = PBXFileReference; explicitFileType = wrapper.application; includeInIndex = 0; path = SwiftUIStylesheetsDemo.app; sourceTree = BUILT_PRODUCTS_DIR; };
		CDB26D1F24218E8F003D215A /* AppDelegate.swift */ = {isa = PBXFileReference; lastKnownFileType = sourcecode.swift; path = AppDelegate.swift; sourceTree = "<group>"; };
		CDB26D2124218E8F003D215A /* SceneDelegate.swift */ = {isa = PBXFileReference; lastKnownFileType = sourcecode.swift; path = SceneDelegate.swift; sourceTree = "<group>"; };
		CDB26D2324218E8F003D215A /* ContentView.swift */ = {isa = PBXFileReference; lastKnownFileType = sourcecode.swift; path = ContentView.swift; sourceTree = "<group>"; };
		CDB26D2524218E8F003D215A /* Assets.xcassets */ = {isa = PBXFileReference; lastKnownFileType = folder.assetcatalog; path = Assets.xcassets; sourceTree = "<group>"; };
		CDB26D2824218E8F003D215A /* Preview Assets.xcassets */ = {isa = PBXFileReference; lastKnownFileType = folder.assetcatalog; path = "Preview Assets.xcassets"; sourceTree = "<group>"; };
		CDB26D2B24218E8F003D215A /* Base */ = {isa = PBXFileReference; lastKnownFileType = file.storyboard; name = Base; path = Base.lproj/LaunchScreen.storyboard; sourceTree = "<group>"; };
		CDB26D2D24218E8F003D215A /* Info.plist */ = {isa = PBXFileReference; lastKnownFileType = text.plist.xml; path = Info.plist; sourceTree = "<group>"; };
/* End PBXFileReference section */

/* Begin PBXFrameworksBuildPhase section */
		CDB26D1924218E8F003D215A /* Frameworks */ = {
			isa = PBXFrameworksBuildPhase;
			buildActionMask = 2147483647;
			files = (
			);
			runOnlyForDeploymentPostprocessing = 0;
		};
/* End PBXFrameworksBuildPhase section */

/* Begin PBXGroup section */
		CDB26D1324218E8F003D215A = {
			isa = PBXGroup;
			children = (
				CDB26D1E24218E8F003D215A /* SwiftUIStylesheetsDemo */,
				CDB26D1D24218E8F003D215A /* Products */,
			);
			sourceTree = "<group>";
		};
		CDB26D1D24218E8F003D215A /* Products */ = {
			isa = PBXGroup;
			children = (
				CDB26D1C24218E8F003D215A /* SwiftUIStylesheetsDemo.app */,
			);
			name = Products;
			sourceTree = "<group>";
		};
		CDB26D1E24218E8F003D215A /* SwiftUIStylesheetsDemo */ = {
			isa = PBXGroup;
			children = (
				CDB26D1F24218E8F003D215A /* AppDelegate.swift */,
				CDB26D2124218E8F003D215A /* SceneDelegate.swift */,
				CDB26D2324218E8F003D215A /* ContentView.swift */,
				CDB26D2524218E8F003D215A /* Assets.xcassets */,
				CDB26D2A24218E8F003D215A /* LaunchScreen.storyboard */,
				CDB26D2D24218E8F003D215A /* Info.plist */,
				CDB26D2724218E8F003D215A /* Preview Content */,
			);
			path = SwiftUIStylesheetsDemo;
			sourceTree = "<group>";
		};
		CDB26D2724218E8F003D215A /* Preview Content */ = {
			isa = PBXGroup;
			children = (
				CDB26D2824218E8F003D215A /* Preview Assets.xcassets */,
			);
			path = "Preview Content";
			sourceTree = "<group>";
		};
/* End PBXGroup section */

/* Begin PBXNativeTarget section */
		CDB26D1B24218E8F003D215A /* SwiftUIStylesheetsDemo */ = {
			isa = PBXNativeTarget;
			buildConfigurationList = CDB26D3024218E8F003D215A /* Build configuration list for PBXNativeTarget "SwiftUIStylesheetsDemo" */;
			buildPhases = (
				CDB26D1824218E8F003D215A /* Sources */,
				CDB26D1924218E8F003D215A /* Frameworks */,
				CDB26D1A24218E8F003D215A /* Resources */,
			);
			buildRules = (
			);
			dependencies = (
			);
			name = SwiftUIStylesheetsDemo;
			productName = SwiftUIStylesheetsDemo;
			productReference = CDB26D1C24218E8F003D215A /* SwiftUIStylesheetsDemo.app */;
			productType = "com.apple.product-type.application";
		};
/* End PBXNativeTarget section */

/* Begin PBXProject section */
		CDB26D1424218E8F003D215A /* Project object */ = {
			isa = PBXProject;
			attributes = {
				LastSwiftUpdateCheck = 1130;
				LastUpgradeCheck = 1130;
				ORGANIZATIONNAME = cooperbarth;
				TargetAttributes = {
					CDB26D1B24218E8F003D215A = {
						CreatedOnToolsVersion = 11.3.1;
					};
				};
			};
			buildConfigurationList = CDB26D1724218E8F003D215A /* Build configuration list for PBXProject "SwiftUIStylesheetsDemo" */;
			compatibilityVersion = "Xcode 9.3";
			developmentRegion = en;
			hasScannedForEncodings = 0;
			knownRegions = (
				en,
				Base,
			);
			mainGroup = CDB26D1324218E8F003D215A;
			productRefGroup = CDB26D1D24218E8F003D215A /* Products */;
			projectDirPath = "";
			projectRoot = "";
			targets = (
				CDB26D1B24218E8F003D215A /* SwiftUIStylesheetsDemo */,
			);
		};
/* End PBXProject section */

/* Begin PBXResourcesBuildPhase section */
		CDB26D1A24218E8F003D215A /* Resources */ = {
			isa = PBXResourcesBuildPhase;
			buildActionMask = 2147483647;
			files = (
				CDB26D2C24218E8F003D215A /* LaunchScreen.storyboard in Resources */,
				CDB26D2924218E8F003D215A /* Preview Assets.xcassets in Resources */,
				CDB26D2624218E8F003D215A /* Assets.xcassets in Resources */,
			);
			runOnlyForDeploymentPostprocessing = 0;
		};
/* End PBXResourcesBuildPhase section */

/* Begin PBXSourcesBuildPhase section */
		CDB26D1824218E8F003D215A /* Sources */ = {
			isa = PBXSourcesBuildPhase;
			buildActionMask = 2147483647;
			files = (
				CDB26D2024218E8F003D215A /* AppDelegate.swift in Sources */,
				CDB26D2224218E8F003D215A /* SceneDelegate.swift in Sources */,
				CDB26D2424218E8F003D215A /* ContentView.swift in Sources */,
			);
			runOnlyForDeploymentPostprocessing = 0;
		};
/* End PBXSourcesBuildPhase section */

/* Begin PBXVariantGroup section */
		CDB26D2A24218E8F003D215A /* LaunchScreen.storyboard */ = {
			isa = PBXVariantGroup;
			children = (
				CDB26D2B24218E8F003D215A /* Base */,
			);
			name = LaunchScreen.storyboard;
			sourceTree = "<group>";
		};
/* End PBXVariantGroup section */

/* Begin XCBuildConfiguration section */
		CDB26D2E24218E8F003D215A /* Debug */ = {
			isa = XCBuildConfiguration;
			buildSettings = {
				ALWAYS_SEARCH_USER_PATHS = NO;
				CLANG_ANALYZER_NONNULL = YES;
				CLANG_ANALYZER_NUMBER_OBJECT_CONVERSION = YES_AGGRESSIVE;
				CLANG_CXX_LANGUAGE_STANDARD = "gnu++14";
				CLANG_CXX_LIBRARY = "libc++";
				CLANG_ENABLE_MODULES = YES;
				CLANG_ENABLE_OBJC_ARC = YES;
				CLANG_ENABLE_OBJC_WEAK = YES;
				CLANG_WARN_BLOCK_CAPTURE_AUTORELEASING = YES;
				CLANG_WARN_BOOL_CONVERSION = YES;
				CLANG_WARN_COMMA = YES;
				CLANG_WARN_CONSTANT_CONVERSION = YES;
				CLANG_WARN_DEPRECATED_OBJC_IMPLEMENTATIONS = YES;
				CLANG_WARN_DIRECT_OBJC_ISA_USAGE = YES_ERROR;
				CLANG_WARN_DOCUMENTATION_COMMENTS = YES;
				CLANG_WARN_EMPTY_BODY = YES;
				CLANG_WARN_ENUM_CONVERSION = YES;
				CLANG_WARN_INFINITE_RECURSION = YES;
				CLANG_WARN_INT_CONVERSION = YES;
				CLANG_WARN_NON_LITERAL_NULL_CONVERSION = YES;
				CLANG_WARN_OBJC_IMPLICIT_RETAIN_SELF = YES;
				CLANG_WARN_OBJC_LITERAL_CONVERSION = YES;
				CLANG_WARN_OBJC_ROOT_CLASS = YES_ERROR;
				CLANG_WARN_RANGE_LOOP_ANALYSIS = YES;
				CLANG_WARN_STRICT_PROTOTYPES = YES;
				CLANG_WARN_SUSPICIOUS_MOVE = YES;
				CLANG_WARN_UNGUARDED_AVAILABILITY = YES_AGGRESSIVE;
				CLANG_WARN_UNREACHABLE_CODE = YES;
				CLANG_WARN__DUPLICATE_METHOD_MATCH = YES;
				COPY_PHASE_STRIP = NO;
				DEBUG_INFORMATION_FORMAT = dwarf;
				ENABLE_STRICT_OBJC_MSGSEND = YES;
				ENABLE_TESTABILITY = YES;
				GCC_C_LANGUAGE_STANDARD = gnu11;
				GCC_DYNAMIC_NO_PIC = NO;
				GCC_NO_COMMON_BLOCKS = YES;
				GCC_OPTIMIZATION_LEVEL = 0;
				GCC_PREPROCESSOR_DEFINITIONS = (
					"DEBUG=1",
					"$(inherited)",
				);
				GCC_WARN_64_TO_32_BIT_CONVERSION = YES;
				GCC_WARN_ABOUT_RETURN_TYPE = YES_ERROR;
				GCC_WARN_UNDECLARED_SELECTOR = YES;
				GCC_WARN_UNINITIALIZED_AUTOS = YES_AGGRESSIVE;
				GCC_WARN_UNUSED_FUNCTION = YES;
				GCC_WARN_UNUSED_VARIABLE = YES;
				IPHONEOS_DEPLOYMENT_TARGET = 13.2;
				MTL_ENABLE_DEBUG_INFO = INCLUDE_SOURCE;
				MTL_FAST_MATH = YES;
				ONLY_ACTIVE_ARCH = YES;
				SDKROOT = iphoneos;
				SWIFT_ACTIVE_COMPILATION_CONDITIONS = DEBUG;
				SWIFT_OPTIMIZATION_LEVEL = "-Onone";
			};
			name = Debug;
		};
		CDB26D2F24218E8F003D215A /* Release */ = {
			isa = XCBuildConfiguration;
			buildSettings = {
				ALWAYS_SEARCH_USER_PATHS = NO;
				CLANG_ANALYZER_NONNULL = YES;
				CLANG_ANALYZER_NUMBER_OBJECT_CONVERSION = YES_AGGRESSIVE;
				CLANG_CXX_LANGUAGE_STANDARD = "gnu++14";
				CLANG_CXX_LIBRARY = "libc++";
				CLANG_ENABLE_MODULES = YES;
				CLANG_ENABLE_OBJC_ARC = YES;
				CLANG_ENABLE_OBJC_WEAK = YES;
				CLANG_WARN_BLOCK_CAPTURE_AUTORELEASING = YES;
				CLANG_WARN_BOOL_CONVERSION = YES;
				CLANG_WARN_COMMA = YES;
				CLANG_WARN_CONSTANT_CONVERSION = YES;
				CLANG_WARN_DEPRECATED_OBJC_IMPLEMENTATIONS = YES;
				CLANG_WARN_DIRECT_OBJC_ISA_USAGE = YES_ERROR;
				CLANG_WARN_DOCUMENTATION_COMMENTS = YES;
				CLANG_WARN_EMPTY_BODY = YES;
				CLANG_WARN_ENUM_CONVERSION = YES;
				CLANG_WARN_INFINITE_RECURSION = YES;
				CLANG_WARN_INT_CONVERSION = YES;
				CLANG_WARN_NON_LITERAL_NULL_CONVERSION = YES;
				CLANG_WARN_OBJC_IMPLICIT_RETAIN_SELF = YES;
				CLANG_WARN_OBJC_LITERAL_CONVERSION = YES;
				CLANG_WARN_OBJC_ROOT_CLASS = YES_ERROR;
				CLANG_WARN_RANGE_LOOP_ANALYSIS = YES;
				CLANG_WARN_STRICT_PROTOTYPES = YES;
				CLANG_WARN_SUSPICIOUS_MOVE = YES;
				CLANG_WARN_UNGUARDED_AVAILABILITY = YES_AGGRESSIVE;
				CLANG_WARN_UNREACHABLE_CODE = YES;
				CLANG_WARN__DUPLICATE_METHOD_MATCH = YES;
				COPY_PHASE_STRIP = NO;
				DEBUG_INFORMATION_FORMAT = "dwarf-with-dsym";
				ENABLE_NS_ASSERTIONS = NO;
				ENABLE_STRICT_OBJC_MSGSEND = YES;
				GCC_C_LANGUAGE_STANDARD = gnu11;
				GCC_NO_COMMON_BLOCKS = YES;
				GCC_WARN_64_TO_32_BIT_CONVERSION = YES;
				GCC_WARN_ABOUT_RETURN_TYPE = YES_ERROR;
				GCC_WARN_UNDECLARED_SELECTOR = YES;
				GCC_WARN_UNINITIALIZED_AUTOS = YES_AGGRESSIVE;
				GCC_WARN_UNUSED_FUNCTION = YES;
				GCC_WARN_UNUSED_VARIABLE = YES;
				IPHONEOS_DEPLOYMENT_TARGET = 13.2;
				MTL_ENABLE_DEBUG_INFO = NO;
				MTL_FAST_MATH = YES;
				SDKROOT = iphoneos;
				SWIFT_COMPILATION_MODE = wholemodule;
				SWIFT_OPTIMIZATION_LEVEL = "-O";
				VALIDATE_PRODUCT = YES;
			};
			name = Release;
		};
		CDB26D3124218E8F003D215A /* Debug */ = {
			isa = XCBuildConfiguration;
			buildSettings = {
				ASSETCATALOG_COMPILER_APPICON_NAME = AppIcon;
				CODE_SIGN_STYLE = Automatic;
				DEVELOPMENT_ASSET_PATHS = "\"SwiftUIStylesheetsDemo/Preview Content\"";
				DEVELOPMENT_TEAM = 83LR657G4K;
				ENABLE_PREVIEWS = YES;
				INFOPLIST_FILE = SwiftUIStylesheetsDemo/Info.plist;
				LD_RUNPATH_SEARCH_PATHS = (
					"$(inherited)",
					"@executable_path/Frameworks",
				);
				PRODUCT_BUNDLE_IDENTIFIER = com.cooperbarth.SwiftUIStylesheetsDemo;
				PRODUCT_NAME = "$(TARGET_NAME)";
				SWIFT_VERSION = 5.0;
				TARGETED_DEVICE_FAMILY = "1,2";
			};
			name = Debug;
		};
		CDB26D3224218E8F003D215A /* Release */ = {
			isa = XCBuildConfiguration;
			buildSettings = {
				ASSETCATALOG_COMPILER_APPICON_NAME = AppIcon;
				CODE_SIGN_STYLE = Automatic;
				DEVELOPMENT_ASSET_PATHS = "\"SwiftUIStylesheetsDemo/Preview Content\"";
				DEVELOPMENT_TEAM = 83LR657G4K;
				ENABLE_PREVIEWS = YES;
				INFOPLIST_FILE = SwiftUIStylesheetsDemo/Info.plist;
				LD_RUNPATH_SEARCH_PATHS = (
					"$(inherited)",
					"@executable_path/Frameworks",
				);
				PRODUCT_BUNDLE_IDENTIFIER = com.cooperbarth.SwiftUIStylesheetsDemo;
				PRODUCT_NAME = "$(TARGET_NAME)";
				SWIFT_VERSION = 5.0;
				TARGETED_DEVICE_FAMILY = "1,2";
			};
			name = Release;
		};
/* End XCBuildConfiguration section */

/* Begin XCConfigurationList section */
		CDB26D1724218E8F003D215A /* Build configuration list for PBXProject "SwiftUIStylesheetsDemo" */ = {
			isa = XCConfigurationList;
			buildConfigurations = (
				CDB26D2E24218E8F003D215A /* Debug */,
				CDB26D2F24218E8F003D215A /* Release */,
			);
			defaultConfigurationIsVisible = 0;
			defaultConfigurationName = Release;
		};
		CDB26D3024218E8F003D215A /* Build configuration list for PBXNativeTarget "SwiftUIStylesheetsDemo" */ = {
			isa = XCConfigurationList;
			buildConfigurations = (
				CDB26D3124218E8F003D215A /* Debug */,
				CDB26D3224218E8F003D215A /* Release */,
			);
			defaultConfigurationIsVisible = 0;
			defaultConfigurationName = Release;
		};
/* End XCConfigurationList section */
	};
	rootObject = CDB26D1424218E8F003D215A /* Project object */;
}
